
Microsoft Visual Studio Solution File, Format Version 12.00
# Visual Studio 2010
Project("{2150E333-8FDC-42A3-9474-1A3956D46DE8}") = "BAL", "BAL", "{28B8891B-0775-4AB7-8E31-DCD09BF3CF2F}"
EndProject
Project("{2150E333-8FDC-42A3-9474-1A3956D46DE8}") = "DAL", "DAL", "{F28E5184-E936-4289-9DE6-8D97AFD7F218}"
EndProject
Project("{2150E333-8FDC-42A3-9474-1A3956D46DE8}") = "UI", "UI", "{5846DC5A-ECB4-49D7-BA5E-8D4F0AD356A2}"
EndProject
Project("{FAE04EC0-301F-11D3-BF4B-00C04F79EFBC}") = "KSE.BAL", "KSE.BAL\KSE.BAL.csproj", "{B68224A7-E0A6-45F9-9B73-E5BD6257F39D}"
EndProject
Project("{FAE04EC0-301F-11D3-BF4B-00C04F79EFBC}") = "KSE.DAL", "KSE.DAL\KSE.DAL.csproj", "{C3B75315-4E60-4DD8-AE4E-124346E16C9E}"
EndProject
Project("{2150E333-8FDC-42A3-9474-1A3956D46DE8}") = "Common", "Common", "{B2B82482-1303-4639-8455-6F9974A95B03}"
EndProject
Project("{FAE04EC0-301F-11D3-BF4B-00C04F79EFBC}") = "KSE.Helpers", "KSE.Helpers\KSE.Helpers.csproj", "{BD5873FD-FC6F-4E5B-9475-68F697CB86FF}"
EndProject
Project("{FAE04EC0-301F-11D3-BF4B-00C04F79EFBC}") = "KSE.Web", "KSE.Web\KSE.Web.csproj", "{D54D0B22-F664-4383-AA4C-1ABE14A74550}"
EndProject
Global
	GlobalSection(SolutionConfigurationPlatforms) = preSolution
		Debug|Any CPU = Debug|Any CPU
		Release|Any CPU = Release|Any CPU
	EndGlobalSection
	GlobalSection(ProjectConfigurationPlatforms) = postSolution
		{B68224A7-E0A6-45F9-9B73-E5BD6257F39D}.Debug|Any CPU.ActiveCfg = Debug|Any CPU
		{B68224A7-E0A6-45F9-9B73-E5BD6257F39D}.Debug|Any CPU.Build.0 = Debug|Any CPU
		{B68224A7-E0A6-45F9-9B73-E5BD6257F39D}.Release|Any CPU.ActiveCfg = Release|Any CPU
		{B68224A7-E0A6-45F9-9B73-E5BD6257F39D}.Release|Any CPU.Build.0 = Release|Any CPU
		{C3B75315-4E60-4DD8-AE4E-124346E16C9E}.Debug|Any CPU.ActiveCfg = Debug|Any CPU
		{C3B75315-4E60-4DD8-AE4E-124346E16C9E}.Debug|Any CPU.Build.0 = Debug|Any CPU
		{C3B75315-4E60-4DD8-AE4E-124346E16C9E}.Release|Any CPU.ActiveCfg = Release|Any CPU
		{C3B75315-4E60-4DD8-AE4E-124346E16C9E}.Release|Any CPU.Build.0 = Release|Any CPU
		{BD5873FD-FC6F-4E5B-9475-68F697CB86FF}.Debug|Any CPU.ActiveCfg = Debug|Any CPU
		{BD5873FD-FC6F-4E5B-9475-68F697CB86FF}.Debug|Any CPU.Build.0 = Debug|Any CPU
		{BD5873FD-FC6F-4E5B-9475-68F697CB86FF}.Release|Any CPU.ActiveCfg = Release|Any CPU
		{BD5873FD-FC6F-4E5B-9475-68F697CB86FF}.Release|Any CPU.Build.0 = Release|Any CPU
		{D54D0B22-F664-4383-AA4C-1ABE14A74550}.Debug|Any CPU.ActiveCfg = Debug|Any CPU
		{D54D0B22-F664-4383-AA4C-1ABE14A74550}.Debug|Any CPU.Build.0 = Debug|Any CPU
		{D54D0B22-F664-4383-AA4C-1ABE14A74550}.Release|Any CPU.ActiveCfg = Release|Any CPU
		{D54D0B22-F664-4383-AA4C-1ABE14A74550}.Release|Any CPU.Build.0 = Release|Any CPU
	EndGlobalSection
	GlobalSection(SolutionProperties) = preSolution
		HideSolutionNode = FALSE
	EndGlobalSection
	GlobalSection(NestedProjects) = preSolution
		{B68224A7-E0A6-45F9-9B73-E5BD6257F39D} = {28B8891B-0775-4AB7-8E31-DCD09BF3CF2F}
		{C3B75315-4E60-4DD8-AE4E-124346E16C9E} = {F28E5184-E936-4289-9DE6-8D97AFD7F218}
		{D54D0B22-F664-4383-AA4C-1ABE14A74550} = {5846DC5A-ECB4-49D7-BA5E-8D4F0AD356A2}
		{BD5873FD-FC6F-4E5B-9475-68F697CB86FF} = {B2B82482-1303-4639-8455-6F9974A95B03}
	EndGlobalSection
EndGlobal
